<?xml version="1.0" encoding="UTF-8" standalone="yes" ?>
<CodeBlocks_project_file>
	<FileVersion major="1" minor="6" />
	<Project>
		<Option title="rcbasic_runtime" />
		<Option pch_mode="2" />
		<Option compiler="gcc" />
		<Build>
			<Target title="Debug">
				<Option output="bin/Debug/rcbasic_runtime" prefix_auto="1" extension_auto="1" />
				<Option object_output="obj/Debug/" />
				<Option type="1" />
				<Option compiler="gcc" />
				<Compiler>
					<Add option="-g" />
				</Compiler>
			</Target>
			<Target title="Release">
				<Option output="bin/Release/rcbasic_runtime" prefix_auto="1" extension_auto="1" />
				<Option object_output="obj/Release/" />
				<Option type="1" />
				<Option compiler="gcc" />
				<Compiler>
					<Add option="-O2" />
				</Compiler>
				<Linker>
					<Add option="-s" />
				</Linker>
			</Target>
			<Target title="Release64">
				<Option output="bin/Release64/rcbasic_runtime" prefix_auto="1" extension_auto="1" />
				<Option object_output="obj/Release64/" />
				<Option type="1" />
				<Option compiler="gnu_gcc_compiler_win64" />
				<Compiler>
					<Add option="-O2" />
					<Add option="-m64" />
				</Compiler>
				<Linker>
					<Add option="-s" />
					<Add option="-m64" />
				</Linker>
			</Target>
			<Target title="ReleaseWin">
				<Option output="bin/Release/rcbasic_runtime_win" prefix_auto="1" extension_auto="1" />
				<Option object_output="obj/Release/" />
				<Option type="1" />
				<Option compiler="gcc" />
				<Compiler>
					<Add option="-O2" />
				</Compiler>
				<Linker>
					<Add option="-s" />
				</Linker>
			</Target>
			<Target title="Release64Win">
				<Option output="bin/Release64/rcbasic_runtime_win" prefix_auto="1" extension_auto="1" />
				<Option object_output="obj/Release64/" />
				<Option type="1" />
				<Option compiler="gnu_gcc_compiler_win64" />
				<Compiler>
					<Add option="-O2" />
					<Add option="-m64" />
				</Compiler>
				<Linker>
					<Add option="-s" />
					<Add option="-m64" />
				</Linker>
			</Target>
		</Build>
		<Compiler>
			<Add option="-Wall" />
			<Add option="-fexceptions" />
		</Compiler>
		<Linker>
			<Add option="-lmingw32 -lSDL2main -lSDL2 -lSDL2_image -lSDL2_ttf -lSDL2_mixer -lSDL2_net -logg -lvorbis -lvorbisfile -ltheora -ltheoradec -pthread" />
		</Linker>
		<Unit filename="../../../../../../dev_libs/SDL2-2.0.12/i686-w64-mingw32/include/SDL2/SDL2_framerate.c">
			<Option compilerVar="CC" />
		</Unit>
		<Unit filename="../../../../../../dev_libs/SDL2-2.0.12/i686-w64-mingw32/include/SDL2/SDL2_framerate.h" />
		<Unit filename="../../../../../../dev_libs/SDL2-2.0.12/i686-w64-mingw32/include/SDL2/SDL2_gfxPrimitives.c">
			<Option compilerVar="CC" />
		</Unit>
		<Unit filename="../../../../../../dev_libs/SDL2-2.0.12/i686-w64-mingw32/include/SDL2/SDL2_gfxPrimitives.h" />
		<Unit filename="../../../../../../dev_libs/SDL2-2.0.12/i686-w64-mingw32/include/SDL2/SDL2_gfxPrimitives_font.h" />
		<Unit filename="../../../../../../dev_libs/SDL2-2.0.12/i686-w64-mingw32/include/SDL2/SDL2_imageFilter.h" />
		<Unit filename="../../../../../../dev_libs/SDL2-2.0.12/i686-w64-mingw32/include/SDL2/SDL2_rotozoom.c">
			<Option compilerVar="CC" />
		</Unit>
		<Unit filename="../../../../../../dev_libs/SDL2-2.0.12/i686-w64-mingw32/include/SDL2/SDL2_rotozoom.h" />
		<Unit filename="main.cpp" />
		<Unit filename="rc_defines.h" />
		<Unit filename="rc_media.h" />
		<Unit filename="rc_os_defines.h" />
		<Unit filename="rc_stdlib.h" />
		<Unit filename="resource.rc">
			<Option compilerVar="WINDRES" />
			<Option target="Release" />
			<Option target="Release64" />
			<Option target="ReleaseWin" />
			<Option target="Release64Win" />
		</Unit>
		<Unit filename="theoraplay.c">
			<Option compilerVar="CC" />
		</Unit>
		<Unit filename="theoraplay.h" />
		<Unit filename="theoraplay_cvtrgb.h" />
		<Extensions>
			<code_completion />
			<envvars />
			<debugger />
		</Extensions>
	</Project>
</CodeBlocks_project_file>
